{
  "name": "promtect-provider-harness-clis",
  "lockfileVersion": 3,
  "requires": true,
  "packages": {
    "": {
      "name": "promtect-provider-harness-clis",
      "dependencies": {
        "@anthropic-ai/claude-code": "2.1.209",
        "@openai/codex": "0.144.3"
      }
    },
    "node_modules/@anthropic-ai/claude-code": {
      "version": "2.1.209",
      "resolved": "https://registry.npmjs.org/@anthropic-ai/claude-code/-/claude-code-2.1.209.tgz",
      "integrity": "sha512-pouVZMdA3Dl4+x4Nlr+AInZla+L6yCiHe0L+AuprM3L6Gko4ErQxwl/DprLKXMF/IhckJhdsgGEaO1gYku+lZw==",
      "hasInstallScript": true,
      "license": "SEE LICENSE IN README.md",
      "bin": {
        "claude": "bin/claude.exe"
      },
      "engines": {
        "node": ">=22.0.0"
      },
      "optionalDependencies": {
        "@anthropic-ai/claude-code-darwin-arm64": "2.1.209",
        "@anthropic-ai/claude-code-darwin-x64": "2.1.209",
        "@anthropic-ai/claude-code-linux-arm64": "2.1.209",
        "@anthropic-ai/claude-code-linux-arm64-musl": "2.1.209",
        "@anthropic-ai/claude-code-linux-x64": "2.1.209",
        "@anthropic-ai/claude-code-linux-x64-musl": "2.1.209",
        "@anthropic-ai/claude-code-win32-arm64": "2.1.209",
        "@anthropic-ai/claude-code-win32-x64": "2.1.209"
      }
    },
    "node_modules/@anthropic-ai/claude-code-darwin-arm64": {
      "version": "2.1.209",
      "resolved": "https://registry.npmjs.org/@anthropic-ai/claude-code-darwin-arm64/-/claude-code-darwin-arm64-2.1.209.tgz",
      "integrity": "sha512-13EpMulersS/c1tIfwECHtTkqMCxSjOJuAA/tbQVaEAIRRAoMXFzz7GSI0BiscxjgDa0KjJZfX9S1YRIpkHypw==",
      "cpu": [
        "arm64"
      ],
      "license": "SEE LICENSE IN LICENSE.md",
      "optional": true,
      "os": [
        "darwin"
      ]
    },
    "node_modules/@anthropic-ai/claude-code-darwin-x64": {
      "version": "2.1.209",
      "resolved": "https://registry.npmjs.org/@anthropic-ai/claude-code-darwin-x64/-/claude-code-darwin-x64-2.1.209.tgz",
      "integrity": "sha512-PGLYh3YlTCUE0vK+55EsnHbkFxpolaahLPPtkrkAiOoi3qp7WM56o7vkg/CkH0b7cVsJSoele0LH1SaeINpdyw==",
      "cpu": [
        "x64"
      ],
      "license": "SEE LICENSE IN LICENSE.md",
      "optional": true,
      "os": [
        "darwin"
      ]
    },
    "node_modules/@anthropic-ai/claude-code-linux-arm64": {
      "version": "2.1.209",
      "resolved": "https://registry.npmjs.org/@anthropic-ai/claude-code-linux-arm64/-/claude-code-linux-arm64-2.1.209.tgz",
      "integrity": "sha512-l2DaZkuwJegv+nzd6NiaU2qF/jU/IePbry0LthAiC7jV9KtMF0O7BCem6qxGhsrr99GGeEk0XbfUN6qJTacrHg==",
      "cpu": [
        "arm64"
      ],
      "license": "SEE LICENSE IN LICENSE.md",
      "optional": true,
      "os": [
        "linux"
      ]
    },
    "node_modules/@anthropic-ai/claude-code-linux-arm64-musl": {
      "version": "2.1.209",
      "resolved": "https://registry.npmjs.org/@anthropic-ai/claude-code-linux-arm64-musl/-/claude-code-linux-arm64-musl-2.1.209.tgz",
      "integrity": "sha512-P8p9mGEQY8FLqYJmtcosWF+/Ie0/aN3QiaLS8QhkEiYMHfetC3JeUlJxTzcAicqQ+JrxYfoHuLChhMT4DU2yzA==",
      "cpu": [
        "arm64"
      ],
      "license": "SEE LICENSE IN LICENSE.md",
      "optional": true,
      "os": [
        "linux"
      ]
    },
    "node_modules/@anthropic-ai/claude-code-linux-x64": {
      "version": "2.1.209",
      "resolved": "https://registry.npmjs.org/@anthropic-ai/claude-code-linux-x64/-/claude-code-linux-x64-2.1.209.tgz",
      "integrity": "sha512-3iYBnPhuN3X+OJeBn2dIpa0DQ+c0UF9Fc68NKq7Q0fT5SvI5bR9zkll2xIHym1MAlQcfHpT9xbc8CraEBYP85Q==",
      "cpu": [
        "x64"
      ],
      "license": "SEE LICENSE IN LICENSE.md",
      "optional": true,
      "os": [
        "linux"
      ]
    },
    "node_modules/@anthropic-ai/claude-code-linux-x64-musl": {
      "version": "2.1.209",
      "resolved": "https://registry.npmjs.org/@anthropic-ai/claude-code-linux-x64-musl/-/claude-code-linux-x64-musl-2.1.209.tgz",
      "integrity": "sha512-N+kXPFeZ6IdAUlgnCcwtSONAos76C0DidAzmTzFV8AnJ4hysnDOa/UffCI+64mEVfvT0+hd1pacrMT4/uMeHIw==",
      "cpu": [
        "x64"
      ],
      "license": "SEE LICENSE IN LICENSE.md",
      "optional": true,
      "os": [
        "linux"
      ]
    },
    "node_modules/@anthropic-ai/claude-code-win32-arm64": {
      "version": "2.1.209",
      "resolved": "https://registry.npmjs.org/@anthropic-ai/claude-code-win32-arm64/-/claude-code-win32-arm64-2.1.209.tgz",
      "integrity": "sha512-ns4ux3kyeNHemw/FQUwXpuOBlzJEn8/8qfiy0x7XGbVk2s8mfLVhRTJyFVNtqGVuNQfPbEWOaUNnKLU/rMS0+g==",
      "cpu": [
        "arm64"
      ],
      "license": "SEE LICENSE IN LICENSE.md",
      "optional": true,
      "os": [
        "win32"
      ]
    },
    "node_modules/@anthropic-ai/claude-code-win32-x64": {
      "version": "2.1.209",
      "resolved": "https://registry.npmjs.org/@anthropic-ai/claude-code-win32-x64/-/claude-code-win32-x64-2.1.209.tgz",
      "integrity": "sha512-bJeocAjwhQO2inF6pWNyAGrk8bEz715juBHPeulaYHsBhtLdTmVwe81wG1Jefcnu7NrhtO9/PvEZk8J85mOfFg==",
      "cpu": [
        "x64"
      ],
      "license": "SEE LICENSE IN LICENSE.md",
      "optional": true,
      "os": [
        "win32"
      ]
    },
    "node_modules/@openai/codex": {
      "version": "0.144.3",
      "resolved": "https://registry.npmjs.org/@openai/codex/-/codex-0.144.3.tgz",
      "integrity": "sha512-8Re3wp5CdYiM7nsF4StFa5js6IT11N7srhxfvwtol7ENHDht05C+HS4e1CTmYjqkhgsUzl2R1gB27iN2pdbVnA==",
      "license": "Apache-2.0",
      "bin": {
        "codex": "bin/codex.js"
      },
      "engines": {
        "node": ">=16"
      },
      "optionalDependencies": {
        "@openai/codex-darwin-arm64": "npm:@openai/codex@0.144.3-darwin-arm64",
        "@openai/codex-darwin-x64": "npm:@openai/codex@0.144.3-darwin-x64",
        "@openai/codex-linux-arm64": "npm:@openai/codex@0.144.3-linux-arm64",
        "@openai/codex-linux-x64": "npm:@openai/codex@0.144.3-linux-x64",
        "@openai/codex-win32-arm64": "npm:@openai/codex@0.144.3-win32-arm64",
        "@openai/codex-win32-x64": "npm:@openai/codex@0.144.3-win32-x64"
      }
    },
    "node_modules/@openai/codex-darwin-arm64": {
      "name": "@openai/codex",
      "version": "0.144.3-darwin-arm64",
      "resolved": "https://registry.npmjs.org/@openai/codex/-/codex-0.144.3-darwin-arm64.tgz",
      "integrity": "sha512-v/yT1wqslBcwquUvUPZvAdYyiZcCBIUL+pE4ymHpbUMVduwDJBw1EjLroOhe9FkYFDHzWGyv7YEw7iIV4k+0dA==",
      "cpu": [
        "arm64"
      ],
      "license": "Apache-2.0",
      "optional": true,
      "os": [
        "darwin"
      ],
      "engines": {
        "node": ">=16"
      }
    },
    "node_modules/@openai/codex-darwin-x64": {
      "name": "@openai/codex",
      "version": "0.144.3-darwin-x64",
      "resolved": "https://registry.npmjs.org/@openai/codex/-/codex-0.144.3-darwin-x64.tgz",
      "integrity": "sha512-308U0s7AeRg3AlnxJtmJk03yRRriEplC6ceFoB3OpWh+przqt8/u6MKDVU3KHdjb+vasa0IpmDWv5VrFw3oJAw==",
      "cpu": [
        "x64"
      ],
      "license": "Apache-2.0",
      "optional": true,
      "os": [
        "darwin"
      ],
      "engines": {
        "node": ">=16"
      }
    },
    "node_modules/@openai/codex-linux-arm64": {
      "name": "@openai/codex",
      "version": "0.144.3-linux-arm64",
      "resolved": "https://registry.npmjs.org/@openai/codex/-/codex-0.144.3-linux-arm64.tgz",
      "integrity": "sha512-mJgDUmoPMry9a7g6ywsMQ4uQko2K0uHLqzEITUJMXiNNbCRBQKS+PxDWBlSK0bF0v72uAhWRRRGvPXslwhIdyg==",
      "cpu": [
        "arm64"
      ],
      "license": "Apache-2.0",
      "optional": true,
      "os": [
        "linux"
      ],
      "engines": {
        "node": ">=16"
      }
    },
    "node_modules/@openai/codex-linux-x64": {
      "name": "@openai/codex",
      "version": "0.144.3-linux-x64",
      "resolved": "https://registry.npmjs.org/@openai/codex/-/codex-0.144.3-linux-x64.tgz",
      "integrity": "sha512-xtDY5sWQPbYBj2lLWZJvc0jBre0XQ7ZmN4VbSEvazbQ2X7uHhm1D/0oZ7AI+SgC/VfZrUhvxRHd43/AmXSaAzA==",
      "cpu": [
        "x64"
      ],
      "license": "Apache-2.0",
      "optional": true,
      "os": [
        "linux"
      ],
      "engines": {
        "node": ">=16"
      }
    },
    "node_modules/@openai/codex-win32-arm64": {
      "name": "@openai/codex",
      "version": "0.144.3-win32-arm64",
      "resolved": "https://registry.npmjs.org/@openai/codex/-/codex-0.144.3-win32-arm64.tgz",
      "integrity": "sha512-uvgBLuBX58GIq58CquhvhEmwLlH9Lc46rLmE5/CkEf1vQiCvWqVHxL28t7P9cmWGoeMuxsrIwqJgyzmRu6wZMQ==",
      "cpu": [
        "arm64"
      ],
      "license": "Apache-2.0",
      "optional": true,
      "os": [
        "win32"
      ],
      "engines": {
        "node": ">=16"
      }
    },
    "node_modules/@openai/codex-win32-x64": {
      "name": "@openai/codex",
      "version": "0.144.3-win32-x64",
      "resolved": "https://registry.npmjs.org/@openai/codex/-/codex-0.144.3-win32-x64.tgz",
      "integrity": "sha512-0o8LpbZuBvqcAdIqMh96pECFTtfkgMT2sP/Q2IKYUOOlSudq3ulvdDW6zARq04HhbOxSsU9TBYDkdqtDs2YcYQ==",
      "cpu": [
        "x64"
      ],
      "license": "Apache-2.0",
      "optional": true,
      "os": [
        "win32"
      ],
      "engines": {
        "node": ">=16"
      }
    }
  }
}
